// !$*UTF8*$!
{
	archiveVersion = 1;
	classes = {
	};
	objectVersion = 48;
	objects = {

/* Begin PBXBuildFile section */
		06CC671F1143DBF7171D6953 /* Pods_FitnessAppFinalRestart.framework in Frameworks */ = {isa = PBXBuildFile; fileRef = 36C96955F57F6DAD491D264C /* Pods_FitnessAppFinalRestart.framework */; };
		992BCEE11FD8FB1C00447876 /* AppDelegate.swift in Sources */ = {isa = PBXBuildFile; fileRef = 992BCEE01FD8FB1C00447876 /* AppDelegate.swift */; };
		992BCEE61FD8FB1C00447876 /* Main.storyboard in Resources */ = {isa = PBXBuildFile; fileRef = 992BCEE41FD8FB1C00447876 /* Main.storyboard */; };
		992BCEE81FD8FB1C00447876 /* Assets.xcassets in Resources */ = {isa = PBXBuildFile; fileRef = 992BCEE71FD8FB1C00447876 /* Assets.xcassets */; };
		992BCEEB1FD8FB1C00447876 /* LaunchScreen.storyboard in Resources */ = {isa = PBXBuildFile; fileRef = 992BCEE91FD8FB1C00447876 /* LaunchScreen.storyboard */; };
		9953B3681FD90E1B00D4F771 /* FAUser.swift in Sources */ = {isa = PBXBuildFile; fileRef = 9953B3671FD90E1B00D4F771 /* FAUser.swift */; };
		996090091FD8FCAF0079CA52 /* GoogleService-Info.plist in Resources */ = {isa = PBXBuildFile; fileRef = 996090081FD8FCAF0079CA52 /* GoogleService-Info.plist */; };
		9960900B1FD8FD750079CA52 /* WelcomeViewController.swift in Sources */ = {isa = PBXBuildFile; fileRef = 9960900A1FD8FD750079CA52 /* WelcomeViewController.swift */; };
		9960900D1FD8FD8F0079CA52 /* RootViewController.swift in Sources */ = {isa = PBXBuildFile; fileRef = 9960900C1FD8FD8F0079CA52 /* RootViewController.swift */; };
		998A9D231FD903CB00EABCB7 /* AppDelegate+GoogleSignIn.swift in Sources */ = {isa = PBXBuildFile; fileRef = 998A9D221FD903CB00EABCB7 /* AppDelegate+GoogleSignIn.swift */; };
		9994AF131FD91B360056331E /* FAPersistence.swift in Sources */ = {isa = PBXBuildFile; fileRef = 9994AF121FD91B350056331E /* FAPersistence.swift */; };
		9994AF151FD924FE0056331E /* MembershipUITableViewController.swift in Sources */ = {isa = PBXBuildFile; fileRef = 9994AF141FD924FE0056331E /* MembershipUITableViewController.swift */; };
		9994AF171FD929AD0056331E /* FAMember.swift in Sources */ = {isa = PBXBuildFile; fileRef = 9994AF161FD929AD0056331E /* FAMember.swift */; };
		9994AF1A1FD9493D0056331E /* ConnectionDetailViewController.swift in Sources */ = {isa = PBXBuildFile; fileRef = 9994AF191FD9493D0056331E /* ConnectionDetailViewController.swift */; };
/* End PBXBuildFile section */

/* Begin PBXFileReference section */
		1D34E80084F6B2FE1F9F355E /* Pods-FitnessAppFinalRestart.debug.xcconfig */ = {isa = PBXFileReference; includeInIndex = 1; lastKnownFileType = text.xcconfig; name = "Pods-FitnessAppFinalRestart.debug.xcconfig"; path = "Pods/Target Support Files/Pods-FitnessAppFinalRestart/Pods-FitnessAppFinalRestart.debug.xcconfig"; sourceTree = "<group>"; };
		36C96955F57F6DAD491D264C /* Pods_FitnessAppFinalRestart.framework */ = {isa = PBXFileReference; explicitFileType = wrapper.framework; includeInIndex = 0; path = Pods_FitnessAppFinalRestart.framework; sourceTree = BUILT_PRODUCTS_DIR; };
		992BCEDD1FD8FB1C00447876 /* FitnessAppFinalRestart.app */ = {isa = PBXFileReference; explicitFileType = wrapper.application; includeInIndex = 0; path = FitnessAppFinalRestart.app; sourceTree = BUILT_PRODUCTS_DIR; };
		992BCEE01FD8FB1C00447876 /* AppDelegate.swift */ = {isa = PBXFileReference; lastKnownFileType = sourcecode.swift; path = AppDelegate.swift; sourceTree = "<group>"; };
		992BCEE51FD8FB1C00447876 /* Base */ = {isa = PBXFileReference; lastKnownFileType = file.storyboard; name = Base; path = Base.lproj/Main.storyboard; sourceTree = "<group>"; };
		992BCEE71FD8FB1C00447876 /* Assets.xcassets */ = {isa = PBXFileReference; lastKnownFileType = folder.assetcatalog; path = Assets.xcassets; sourceTree = "<group>"; };
		992BCEEA1FD8FB1C00447876 /* Base */ = {isa = PBXFileReference; lastKnownFileType = file.storyboard; name = Base; path = Base.lproj/LaunchScreen.storyboard; sourceTree = "<group>"; };
		992BCEEC1FD8FB1C00447876 /* Info.plist */ = {isa = PBXFileReference; lastKnownFileType = text.plist.xml; path = Info.plist; sourceTree = "<group>"; };
		9953B3671FD90E1B00D4F771 /* FAUser.swift */ = {isa = PBXFileReference; lastKnownFileType = sourcecode.swift; path = FAUser.swift; sourceTree = "<group>"; };
		996090081FD8FCAF0079CA52 /* GoogleService-Info.plist */ = {isa = PBXFileReference; fileEncoding = 4; lastKnownFileType = text.plist.xml; path = "GoogleService-Info.plist"; sourceTree = SOURCE_ROOT; };
		9960900A1FD8FD750079CA52 /* WelcomeViewController.swift */ = {isa = PBXFileReference; lastKnownFileType = sourcecode.swift; path = WelcomeViewController.swift; sourceTree = "<group>"; };
		9960900C1FD8FD8F0079CA52 /* RootViewController.swift */ = {isa = PBXFileReference; lastKnownFileType = sourcecode.swift; path = RootViewController.swift; sourceTree = "<group>"; };
		998A9D221FD903CB00EABCB7 /* AppDelegate+GoogleSignIn.swift */ = {isa = PBXFileReference; lastKnownFileType = sourcecode.swift; path = "AppDelegate+GoogleSignIn.swift"; sourceTree = "<group>"; };
		9994AF121FD91B350056331E /* FAPersistence.swift */ = {isa = PBXFileReference; lastKnownFileType = sourcecode.swift; path = FAPersistence.swift; sourceTree = "<group>"; };
		9994AF141FD924FE0056331E /* MembershipUITableViewController.swift */ = {isa = PBXFileReference; lastKnownFileType = sourcecode.swift; path = MembershipUITableViewController.swift; sourceTree = "<group>"; };
		9994AF161FD929AD0056331E /* FAMember.swift */ = {isa = PBXFileReference; lastKnownFileType = sourcecode.swift; path = FAMember.swift; sourceTree = "<group>"; };
		9994AF181FD943480056331E /* FitnessAppFinalRestart.entitlements */ = {isa = PBXFileReference; lastKnownFileType = text.plist.entitlements; path = FitnessAppFinalRestart.entitlements; sourceTree = "<group>"; };
		9994AF191FD9493D0056331E /* ConnectionDetailViewController.swift */ = {isa = PBXFileReference; lastKnownFileType = sourcecode.swift; path = ConnectionDetailViewController.swift; sourceTree = "<group>"; };
		ABAE16CD7BD90FE0CD621A3A /* Pods-FitnessAppFinalRestart.release.xcconfig */ = {isa = PBXFileReference; includeInIndex = 1; lastKnownFileType = text.xcconfig; name = "Pods-FitnessAppFinalRestart.release.xcconfig"; path = "Pods/Target Support Files/Pods-FitnessAppFinalRestart/Pods-FitnessAppFinalRestart.release.xcconfig"; sourceTree = "<group>"; };
/* End PBXFileReference section */

/* Begin PBXFrameworksBuildPhase section */
		992BCEDA1FD8FB1C00447876 /* Frameworks */ = {
			isa = PBXFrameworksBuildPhase;
			buildActionMask = 2147483647;
			files = (
				06CC671F1143DBF7171D6953 /* Pods_FitnessAppFinalRestart.framework in Frameworks */,
			);
			runOnlyForDeploymentPostprocessing = 0;
		};
/* End PBXFrameworksBuildPhase section */

/* Begin PBXGroup section */
		2B70CBEB3D2755837EA0F844 /* Frameworks */ = {
			isa = PBXGroup;
			children = (
				36C96955F57F6DAD491D264C /* Pods_FitnessAppFinalRestart.framework */,
			);
			name = Frameworks;
			sourceTree = "<group>";
		};
		6EFE02BE61FCADE5F8BC1C39 /* Pods */ = {
			isa = PBXGroup;
			children = (
				1D34E80084F6B2FE1F9F355E /* Pods-FitnessAppFinalRestart.debug.xcconfig */,
				ABAE16CD7BD90FE0CD621A3A /* Pods-FitnessAppFinalRestart.release.xcconfig */,
			);
			name = Pods;
			sourceTree = "<group>";
		};
		992BCED41FD8FB1C00447876 = {
			isa = PBXGroup;
			children = (
				992BCEDF1FD8FB1C00447876 /* FitnessAppFinalRestart */,
				992BCEDE1FD8FB1C00447876 /* Products */,
				6EFE02BE61FCADE5F8BC1C39 /* Pods */,
				2B70CBEB3D2755837EA0F844 /* Frameworks */,
			);
			sourceTree = "<group>";
		};
		992BCEDE1FD8FB1C00447876 /* Products */ = {
			isa = PBXGroup;
			children = (
				992BCEDD1FD8FB1C00447876 /* FitnessAppFinalRestart.app */,
			);
			name = Products;
			sourceTree = "<group>";
		};
		992BCEDF1FD8FB1C00447876 /* FitnessAppFinalRestart */ = {
			isa = PBXGroup;
			children = (
				9994AF181FD943480056331E /* FitnessAppFinalRestart.entitlements */,
				992BCEE91FD8FB1C00447876 /* LaunchScreen.storyboard */,
				9953B3671FD90E1B00D4F771 /* FAUser.swift */,
				9994AF191FD9493D0056331E /* ConnectionDetailViewController.swift */,
				9994AF161FD929AD0056331E /* FAMember.swift */,
				9994AF121FD91B350056331E /* FAPersistence.swift */,
				992BCEE01FD8FB1C00447876 /* AppDelegate.swift */,
				998A9D221FD903CB00EABCB7 /* AppDelegate+GoogleSignIn.swift */,
				992BCEE41FD8FB1C00447876 /* Main.storyboard */,
				9960900A1FD8FD750079CA52 /* WelcomeViewController.swift */,
				9960900C1FD8FD8F0079CA52 /* RootViewController.swift */,
				9994AF141FD924FE0056331E /* MembershipUITableViewController.swift */,
				992BCEE71FD8FB1C00447876 /* Assets.xcassets */,
				992BCEEC1FD8FB1C00447876 /* Info.plist */,
				996090081FD8FCAF0079CA52 /* GoogleService-Info.plist */,
			);
			path = FitnessAppFinalRestart;
			sourceTree = "<group>";
		};
/* End PBXGroup section */

/* Begin PBXNativeTarget section */
		992BCEDC1FD8FB1C00447876 /* FitnessAppFinalRestart */ = {
			isa = PBXNativeTarget;
			buildConfigurationList = 992BCEEF1FD8FB1C00447876 /* Build configuration list for PBXNativeTarget "FitnessAppFinalRestart" */;
			buildPhases = (
				1A46FB8B4D83300399CF78CA /* [CP] Check Pods Manifest.lock */,
				992BCED91FD8FB1C00447876 /* Sources */,
				992BCEDA1FD8FB1C00447876 /* Frameworks */,
				992BCEDB1FD8FB1C00447876 /* Resources */,
				135022B898C22DF950F0A289 /* [CP] Embed Pods Frameworks */,
				AB5982A15A12F41C86CA80B5 /* [CP] Copy Pods Resources */,
			);
			buildRules = (
			);
			dependencies = (
			);
			name = FitnessAppFinalRestart;
			productName = FitnessAppFinalRestart;
			productReference = 992BCEDD1FD8FB1C00447876 /* FitnessAppFinalRestart.app */;
			productType = "com.apple.product-type.application";
		};
/* End PBXNativeTarget section */

/* Begin PBXProject section */
		992BCED51FD8FB1C00447876 /* Project object */ = {
			isa = PBXProject;
			attributes = {
				LastSwiftUpdateCheck = 0910;
				LastUpgradeCheck = 0910;
				ORGANIZATIONNAME = "Nicholas Jaeger";
				TargetAttributes = {
					992BCEDC1FD8FB1C00447876 = {
						CreatedOnToolsVersion = 9.1;
						ProvisioningStyle = Automatic;
						SystemCapabilities = {
							com.apple.Push = {
								enabled = 1;
							};
						};
					};
				};
			};
			buildConfigurationList = 992BCED81FD8FB1C00447876 /* Build configuration list for PBXProject "FitnessAppFinalRestart" */;
			compatibilityVersion = "Xcode 8.0";
			developmentRegion = en;
			hasScannedForEncodings = 0;
			knownRegions = (
				en,
				Base,
			);
			mainGroup = 992BCED41FD8FB1C00447876;
			productRefGroup = 992BCEDE1FD8FB1C00447876 /* Products */;
			projectDirPath = "";
			projectRoot = "";
			targets = (
				992BCEDC1FD8FB1C00447876 /* FitnessAppFinalRestart */,
			);
		};
/* End PBXProject section */

/* Begin PBXResourcesBuildPhase section */
		992BCEDB1FD8FB1C00447876 /* Resources */ = {
			isa = PBXResourcesBuildPhase;
			buildActionMask = 2147483647;
			files = (
				992BCEEB1FD8FB1C00447876 /* LaunchScreen.storyboard in Resources */,
				996090091FD8FCAF0079CA52 /* GoogleService-Info.plist in Resources */,
				992BCEE81FD8FB1C00447876 /* Assets.xcassets in Resources */,
				992BCEE61FD8FB1C00447876 /* Main.storyboard in Resources */,
			);
			runOnlyForDeploymentPostprocessing = 0;
		};
/* End PBXResourcesBuildPhase section */

/* Begin PBXShellScriptBuildPhase section */
		135022B898C22DF950F0A289 /* [CP] Embed Pods Frameworks */ = {
			isa = PBXShellScriptBuildPhase;
			buildActionMask = 2147483647;
			files = (
			);
			inputPaths = (
				"${SRCROOT}/Pods/Target Support Files/Pods-FitnessAppFinalRestart/Pods-FitnessAppFinalRestart-frameworks.sh",
				"${BUILT_PRODUCTS_DIR}/GTMOAuth2/GTMOAuth2.framework",
				"${BUILT_PRODUCTS_DIR}/GTMSessionFetcher/GTMSessionFetcher.framework",
				"${BUILT_PRODUCTS_DIR}/GoogleToolboxForMac/GoogleToolboxForMac.framework",
				"${BUILT_PRODUCTS_DIR}/leveldb-library/leveldb.framework",
				"${BUILT_PRODUCTS_DIR}/nanopb/nanopb.framework",
			);
			name = "[CP] Embed Pods Frameworks";
			outputPaths = (
				"${TARGET_BUILD_DIR}/${FRAMEWORKS_FOLDER_PATH}/GTMOAuth2.framework",
				"${TARGET_BUILD_DIR}/${FRAMEWORKS_FOLDER_PATH}/GTMSessionFetcher.framework",
				"${TARGET_BUILD_DIR}/${FRAMEWORKS_FOLDER_PATH}/GoogleToolboxForMac.framework",
				"${TARGET_BUILD_DIR}/${FRAMEWORKS_FOLDER_PATH}/leveldb.framework",
				"${TARGET_BUILD_DIR}/${FRAMEWORKS_FOLDER_PATH}/nanopb.framework",
			);
			runOnlyForDeploymentPostprocessing = 0;
			shellPath = /bin/sh;
			shellScript = "\"${SRCROOT}/Pods/Target Support Files/Pods-FitnessAppFinalRestart/Pods-FitnessAppFinalRestart-frameworks.sh\"\n";
			showEnvVarsInLog = 0;
		};
		1A46FB8B4D83300399CF78CA /* [CP] Check Pods Manifest.lock */ = {
			isa = PBXShellScriptBuildPhase;
			buildActionMask = 2147483647;
			files = (
			);
			inputPaths = (
				"${PODS_PODFILE_DIR_PATH}/Podfile.lock",
				"${PODS_ROOT}/Manifest.lock",
			);
			name = "[CP] Check Pods Manifest.lock";
			outputPaths = (
				"$(DERIVED_FILE_DIR)/Pods-FitnessAppFinalRestart-checkManifestLockResult.txt",
			);
			runOnlyForDeploymentPostprocessing = 0;
			shellPath = /bin/sh;
			shellScript = "diff \"${PODS_PODFILE_DIR_PATH}/Podfile.lock\" \"${PODS_ROOT}/Manifest.lock\" > /dev/null\nif [ $? != 0 ] ; then\n    # print error to STDERR\n    echo \"error: The sandbox is not in sync with the Podfile.lock. Run 'pod install' or update your CocoaPods installation.\" >&2\n    exit 1\nfi\n# This output is used by Xcode 'outputs' to avoid re-running this script phase.\necho \"SUCCESS\" > \"${SCRIPT_OUTPUT_FILE_0}\"\n";
			showEnvVarsInLog = 0;
		};
		AB5982A15A12F41C86CA80B5 /* [CP] Copy Pods Resources */ = {
			isa = PBXShellScriptBuildPhase;
			buildActionMask = 2147483647;
			files = (
			);
			inputPaths = (
				"${SRCROOT}/Pods/Target Support Files/Pods-FitnessAppFinalRestart/Pods-FitnessAppFinalRestart-resources.sh",
				"${PODS_CONFIGURATION_BUILD_DIR}/FirebaseUI/FirebaseAuthUI.bundle",
				"${PODS_CONFIGURATION_BUILD_DIR}/FirebaseUI/FirebaseGoogleAuthUI.bundle",
				"${PODS_ROOT}/GoogleSignIn/Resources/GoogleSignIn.bundle",
			);
			name = "[CP] Copy Pods Resources";
			outputPaths = (
				"${TARGET_BUILD_DIR}/${UNLOCALIZED_RESOURCES_FOLDER_PATH}",
			);
			runOnlyForDeploymentPostprocessing = 0;
			shellPath = /bin/sh;
			shellScript = "\"${SRCROOT}/Pods/Target Support Files/Pods-FitnessAppFinalRestart/Pods-FitnessAppFinalRestart-resources.sh\"\n";
			showEnvVarsInLog = 0;
		};
/* End PBXShellScriptBuildPhase section */

/* Begin PBXSourcesBuildPhase section */
		992BCED91FD8FB1C00447876 /* Sources */ = {
			isa = PBXSourcesBuildPhase;
			buildActionMask = 2147483647;
			files = (
				9994AF171FD929AD0056331E /* FAMember.swift in Sources */,
				9994AF1A1FD9493D0056331E /* ConnectionDetailViewController.swift in Sources */,
				9994AF131FD91B360056331E /* FAPersistence.swift in Sources */,
				9960900B1FD8FD750079CA52 /* WelcomeViewController.swift in Sources */,
				998A9D231FD903CB00EABCB7 /* AppDelegate+GoogleSignIn.swift in Sources */,
				9960900D1FD8FD8F0079CA52 /* RootViewController.swift in Sources */,
				9953B3681FD90E1B00D4F771 /* FAUser.swift in Sources */,
				992BCEE11FD8FB1C00447876 /* AppDelegate.swift in Sources */,
				9994AF151FD924FE0056331E /* MembershipUITableViewController.swift in Sources */,
			);
			runOnlyForDeploymentPostprocessing = 0;
		};
/* End PBXSourcesBuildPhase section */

/* Begin PBXVariantGroup section */
		992BCEE41FD8FB1C00447876 /* Main.storyboard */ = {
			isa = PBXVariantGroup;
			children = (
				992BCEE51FD8FB1C00447876 /* Base */,
			);
			name = Main.storyboard;
			sourceTree = "<group>";
		};
		992BCEE91FD8FB1C00447876 /* LaunchScreen.storyboard */ = {
			isa = PBXVariantGroup;
			children = (
				992BCEEA1FD8FB1C00447876 /* Base */,
			);
			name = LaunchScreen.storyboard;
			sourceTree = "<group>";
		};
/* End PBXVariantGroup section */

/* Begin XCBuildConfiguration section */
		992BCEED1FD8FB1C00447876 /* Debug */ = {
			isa = XCBuildConfiguration;
			buildSettings = {
				ALWAYS_SEARCH_USER_PATHS = NO;
				CLANG_ANALYZER_NONNULL = YES;
				CLANG_ANALYZER_NUMBER_OBJECT_CONVERSION = YES_AGGRESSIVE;
				CLANG_CXX_LANGUAGE_STANDARD = "gnu++14";
				CLANG_CXX_LIBRARY = "libc++";
				CLANG_ENABLE_MODULES = YES;
				CLANG_ENABLE_OBJC_ARC = YES;
				CLANG_WARN_BLOCK_CAPTURE_AUTORELEASING = YES;
				CLANG_WARN_BOOL_CONVERSION = YES;
				CLANG_WARN_COMMA = YES;
				CLANG_WARN_CONSTANT_CONVERSION = YES;
				CLANG_WARN_DIRECT_OBJC_ISA_USAGE = YES_ERROR;
				CLANG_WARN_DOCUMENTATION_COMMENTS = YES;
				CLANG_WARN_EMPTY_BODY = YES;
				CLANG_WARN_ENUM_CONVERSION = YES;
				CLANG_WARN_INFINITE_RECURSION = YES;
				CLANG_WARN_INT_CONVERSION = YES;
				CLANG_WARN_NON_LITERAL_NULL_CONVERSION = YES;
				CLANG_WARN_OBJC_LITERAL_CONVERSION = YES;
				CLANG_WARN_OBJC_ROOT_CLASS = YES_ERROR;
				CLANG_WARN_RANGE_LOOP_ANALYSIS = YES;
				CLANG_WARN_STRICT_PROTOTYPES = YES;
				CLANG_WARN_SUSPICIOUS_MOVE = YES;
				CLANG_WARN_UNGUARDED_AVAILABILITY = YES_AGGRESSIVE;
				CLANG_WARN_UNREACHABLE_CODE = YES;
				CLANG_WARN__DUPLICATE_METHOD_MATCH = YES;
				CODE_SIGN_IDENTITY = "iPhone Developer";
				COPY_PHASE_STRIP = NO;
				DEBUG_INFORMATION_FORMAT = dwarf;
				ENABLE_STRICT_OBJC_MSGSEND = YES;
				ENABLE_TESTABILITY = YES;
				GCC_C_LANGUAGE_STANDARD = gnu11;
				GCC_DYNAMIC_NO_PIC = NO;
				GCC_NO_COMMON_BLOCKS = YES;
				GCC_OPTIMIZATION_LEVEL = 0;
				GCC_PREPROCESSOR_DEFINITIONS = (
					"DEBUG=1",
					"$(inherited)",
				);
				GCC_WARN_64_TO_32_BIT_CONVERSION = YES;
				GCC_WARN_ABOUT_RETURN_TYPE = YES_ERROR;
				GCC_WARN_UNDECLARED_SELECTOR = YES;
				GCC_WARN_UNINITIALIZED_AUTOS = YES_AGGRESSIVE;
				GCC_WARN_UNUSED_FUNCTION = YES;
				GCC_WARN_UNUSED_VARIABLE = YES;
				IPHONEOS_DEPLOYMENT_TARGET = 11.1;
				MTL_ENABLE_DEBUG_INFO = YES;
				ONLY_ACTIVE_ARCH = YES;
				SDKROOT = iphoneos;
				SWIFT_ACTIVE_COMPILATION_CONDITIONS = DEBUG;
				SWIFT_OPTIMIZATION_LEVEL = "-Onone";
			};
			name = Debug;
		};
		992BCEEE1FD8FB1C00447876 /* Release */ = {
			isa = XCBuildConfiguration;
			buildSettings = {
				ALWAYS_SEARCH_USER_PATHS = NO;
				CLANG_ANALYZER_NONNULL = YES;
				CLANG_ANALYZER_NUMBER_OBJECT_CONVERSION = YES_AGGRESSIVE;
				CLANG_CXX_LANGUAGE_STANDARD = "gnu++14";
				CLANG_CXX_LIBRARY = "libc++";
				CLANG_ENABLE_MODULES = YES;
				CLANG_ENABLE_OBJC_ARC = YES;
				CLANG_WARN_BLOCK_CAPTURE_AUTORELEASING = YES;
				CLANG_WARN_BOOL_CONVERSION = YES;
				CLANG_WARN_COMMA = YES;
				CLANG_WARN_CONSTANT_CONVERSION = YES;
				CLANG_WARN_DIRECT_OBJC_ISA_USAGE = YES_ERROR;
				CLANG_WARN_DOCUMENTATION_COMMENTS = YES;
				CLANG_WARN_EMPTY_BODY = YES;
				CLANG_WARN_ENUM_CONVERSION = YES;
				CLANG_WARN_INFINITE_RECURSION = YES;
				CLANG_WARN_INT_CONVERSION = YES;
				CLANG_WARN_NON_LITERAL_NULL_CONVERSION = YES;
				CLANG_WARN_OBJC_LITERAL_CONVERSION = YES;
				CLANG_WARN_OBJC_ROOT_CLASS = YES_ERROR;
				CLANG_WARN_RANGE_LOOP_ANALYSIS = YES;
				CLANG_WARN_STRICT_PROTOTYPES = YES;
				CLANG_WARN_SUSPICIOUS_MOVE = YES;
				CLANG_WARN_UNGUARDED_AVAILABILITY = YES_AGGRESSIVE;
				CLANG_WARN_UNREACHABLE_CODE = YES;
				CLANG_WARN__DUPLICATE_METHOD_MATCH = YES;
				CODE_SIGN_IDENTITY = "iPhone Developer";
				COPY_PHASE_STRIP = NO;
				DEBUG_INFORMATION_FORMAT = "dwarf-with-dsym";
				ENABLE_NS_ASSERTIONS = NO;
				ENABLE_STRICT_OBJC_MSGSEND = YES;
				GCC_C_LANGUAGE_STANDARD = gnu11;
				GCC_NO_COMMON_BLOCKS = YES;
				GCC_WARN_64_TO_32_BIT_CONVERSION = YES;
				GCC_WARN_ABOUT_RETURN_TYPE = YES_ERROR;
				GCC_WARN_UNDECLARED_SELECTOR = YES;
				GCC_WARN_UNINITIALIZED_AUTOS = YES_AGGRESSIVE;
				GCC_WARN_UNUSED_FUNCTION = YES;
				GCC_WARN_UNUSED_VARIABLE = YES;
				IPHONEOS_DEPLOYMENT_TARGET = 11.1;
				MTL_ENABLE_DEBUG_INFO = NO;
				SDKROOT = iphoneos;
				SWIFT_OPTIMIZATION_LEVEL = "-Owholemodule";
				VALIDATE_PRODUCT = YES;
			};
			name = Release;
		};
		992BCEF01FD8FB1C00447876 /* Debug */ = {
			isa = XCBuildConfiguration;
			baseConfigurationReference = 1D34E80084F6B2FE1F9F355E /* Pods-FitnessAppFinalRestart.debug.xcconfig */;
			buildSettings = {
				ASSETCATALOG_COMPILER_APPICON_NAME = AppIcon;
				CODE_SIGN_ENTITLEMENTS = FitnessAppFinalRestart/FitnessAppFinalRestart.entitlements;
				CODE_SIGN_STYLE = Automatic;
				DEVELOPMENT_TEAM = PE387327U6;
				INFOPLIST_FILE = FitnessAppFinalRestart/Info.plist;
				LD_RUNPATH_SEARCH_PATHS = "$(inherited) @executable_path/Frameworks";
				PRODUCT_BUNDLE_IDENTIFIER = com.example.FitnessAppFinalRestart;
				PRODUCT_NAME = "$(TARGET_NAME)";
				SWIFT_VERSION = 4.0;
				TARGETED_DEVICE_FAMILY = "1,2";
			};
			name = Debug;
		};
		992BCEF11FD8FB1C00447876 /* Release */ = {
			isa = XCBuildConfiguration;
			baseConfigurationReference = ABAE16CD7BD90FE0CD621A3A /* Pods-FitnessAppFinalRestart.release.xcconfig */;
			buildSettings = {
				ASSETCATALOG_COMPILER_APPICON_NAME = AppIcon;
				CODE_SIGN_ENTITLEMENTS = FitnessAppFinalRestart/FitnessAppFinalRestart.entitlements;
				CODE_SIGN_STYLE = Automatic;
				DEVELOPMENT_TEAM = PE387327U6;
				INFOPLIST_FILE = FitnessAppFinalRestart/Info.plist;
				LD_RUNPATH_SEARCH_PATHS = "$(inherited) @executable_path/Frameworks";
				PRODUCT_BUNDLE_IDENTIFIER = com.example.FitnessAppFinalRestart;
				PRODUCT_NAME = "$(TARGET_NAME)";
				SWIFT_VERSION = 4.0;
				TARGETED_DEVICE_FAMILY = "1,2";
			};
			name = Release;
		};
/* End XCBuildConfiguration section */

/* Begin XCConfigurationList section */
		992BCED81FD8FB1C00447876 /* Build configuration list for PBXProject "FitnessAppFinalRestart" */ = {
			isa = XCConfigurationList;
			buildConfigurations = (
				992BCEED1FD8FB1C00447876 /* Debug */,
				992BCEEE1FD8FB1C00447876 /* Release */,
			);
			defaultConfigurationIsVisible = 0;
			defaultConfigurationName = Release;
		};
		992BCEEF1FD8FB1C00447876 /* Build configuration list for PBXNativeTarget "FitnessAppFinalRestart" */ = {
			isa = XCConfigurationList;
			buildConfigurations = (
				992BCEF01FD8FB1C00447876 /* Debug */,
				992BCEF11FD8FB1C00447876 /* Release */,
			);
			defaultConfigurationIsVisible = 0;
			defaultConfigurationName = Release;
		};
/* End XCConfigurationList section */
	};
	rootObject = 992BCED51FD8FB1C00447876 /* Project object */;
}
