// !$*UTF8*$!
{
	archiveVersion = 1;
	classes = {
	};
	objectVersion = 48;
	objects = {

/* Begin PBXBuildFile section */
		992BCEE11FD8FB1C00447876 /* AppDelegate.swift in Sources */ = {isa = PBXBuildFile; fileRef = 992BCEE01FD8FB1C00447876 /* AppDelegate.swift */; };
		992BCEE31FD8FB1C00447876 /* ViewController.swift in Sources */ = {isa = PBXBuildFile; fileRef = 992BCEE21FD8FB1C00447876 /* ViewController.swift */; };
		992BCEE61FD8FB1C00447876 /* Main.storyboard in Resources */ = {isa = PBXBuildFile; fileRef = 992BCEE41FD8FB1C00447876 /* Main.storyboard */; };
		992BCEE81FD8FB1C00447876 /* Assets.xcassets in Resources */ = {isa = PBXBuildFile; fileRef = 992BCEE71FD8FB1C00447876 /* Assets.xcassets */; };
		992BCEEB1FD8FB1C00447876 /* LaunchScreen.storyboard in Resources */ = {isa = PBXBuildFile; fileRef = 992BCEE91FD8FB1C00447876 /* LaunchScreen.storyboard */; };
/* End PBXBuildFile section */

/* Begin PBXFileReference section */
		992BCEDD1FD8FB1C00447876 /* FitnessAppFinalRestart.app */ = {isa = PBXFileReference; explicitFileType = wrapper.application; includeInIndex = 0; path = FitnessAppFinalRestart.app; sourceTree = BUILT_PRODUCTS_DIR; };
		992BCEE01FD8FB1C00447876 /* AppDelegate.swift */ = {isa = PBXFileReference; lastKnownFileType = sourcecode.swift; path = AppDelegate.swift; sourceTree = "<group>"; };
		992BCEE21FD8FB1C00447876 /* ViewController.swift */ = {isa = PBXFileReference; lastKnownFileType = sourcecode.swift; path = ViewController.swift; sourceTree = "<group>"; };
		992BCEE51FD8FB1C00447876 /* Base */ = {isa = PBXFileReference; lastKnownFileType = file.storyboard; name = Base; path = Base.lproj/Main.storyboard; sourceTree = "<group>"; };
		992BCEE71FD8FB1C00447876 /* Assets.xcassets */ = {isa = PBXFileReference; lastKnownFileType = folder.assetcatalog; path = Assets.xcassets; sourceTree = "<group>"; };
		992BCEEA1FD8FB1C00447876 /* Base */ = {isa = PBXFileReference; lastKnownFileType = file.storyboard; name = Base; path = Base.lproj/LaunchScreen.storyboard; sourceTree = "<group>"; };
		992BCEEC1FD8FB1C00447876 /* Info.plist */ = {isa = PBXFileReference; lastKnownFileType = text.plist.xml; path = Info.plist; sourceTree = "<group>"; };
/* End PBXFileReference section */

/* Begin PBXFrameworksBuildPhase section */
		992BCEDA1FD8FB1C00447876 /* Frameworks */ = {
			isa = PBXFrameworksBuildPhase;
			buildActionMask = 2147483647;
			files = (
			);
			runOnlyForDeploymentPostprocessing = 0;
		};
/* End PBXFrameworksBuildPhase section */

/* Begin PBXGroup section */
		992BCED41FD8FB1C00447876 = {
			isa = PBXGroup;
			children = (
				992BCEDF1FD8FB1C00447876 /* FitnessAppFinalRestart */,
				992BCEDE1FD8FB1C00447876 /* Products */,
			);
			sourceTree = "<group>";
		};
		992BCEDE1FD8FB1C00447876 /* Products */ = {
			isa = PBXGroup;
			children = (
				992BCEDD1FD8FB1C00447876 /* FitnessAppFinalRestart.app */,
			);
			name = Products;
			sourceTree = "<group>";
		};
		992BCEDF1FD8FB1C00447876 /* FitnessAppFinalRestart */ = {
			isa = PBXGroup;
			children = (
				992BCEE01FD8FB1C00447876 /* AppDelegate.swift */,
				992BCEE21FD8FB1C00447876 /* ViewController.swift */,
				992BCEE41FD8FB1C00447876 /* Main.storyboard */,
				992BCEE71FD8FB1C00447876 /* Assets.xcassets */,
				992BCEE91FD8FB1C00447876 /* LaunchScreen.storyboard */,
				992BCEEC1FD8FB1C00447876 /* Info.plist */,
			);
			path = FitnessAppFinalRestart;
			sourceTree = "<group>";
		};
/* End PBXGroup section */

/* Begin PBXNativeTarget section */
		992BCEDC1FD8FB1C00447876 /* FitnessAppFinalRestart */ = {
			isa = PBXNativeTarget;
			buildConfigurationList = 992BCEEF1FD8FB1C00447876 /* Build configuration list for PBXNativeTarget "FitnessAppFinalRestart" */;
			buildPhases = (
				992BCED91FD8FB1C00447876 /* Sources */,
				992BCEDA1FD8FB1C00447876 /* Frameworks */,
				992BCEDB1FD8FB1C00447876 /* Resources */,
			);
			buildRules = (
			);
			dependencies = (
			);
			name = FitnessAppFinalRestart;
			productName = FitnessAppFinalRestart;
			productReference = 992BCEDD1FD8FB1C00447876 /* FitnessAppFinalRestart.app */;
			productType = "com.apple.product-type.application";
		};
/* End PBXNativeTarget section */

/* Begin PBXProject section */
		992BCED51FD8FB1C00447876 /* Project object */ = {
			isa = PBXProject;
			attributes = {
				LastSwiftUpdateCheck = 0910;
				LastUpgradeCheck = 0910;
				ORGANIZATIONNAME = "Nicholas Jaeger";
				TargetAttributes = {
					992BCEDC1FD8FB1C00447876 = {
						CreatedOnToolsVersion = 9.1;
						ProvisioningStyle = Automatic;
					};
				};
			};
			buildConfigurationList = 992BCED81FD8FB1C00447876 /* Build configuration list for PBXProject "FitnessAppFinalRestart" */;
			compatibilityVersion = "Xcode 8.0";
			developmentRegion = en;
			hasScannedForEncodings = 0;
			knownRegions = (
				en,
				Base,
			);
			mainGroup = 992BCED41FD8FB1C00447876;
			productRefGroup = 992BCEDE1FD8FB1C00447876 /* Products */;
			projectDirPath = "";
			projectRoot = "";
			targets = (
				992BCEDC1FD8FB1C00447876 /* FitnessAppFinalRestart */,
			);
		};
/* End PBXProject section */

/* Begin PBXResourcesBuildPhase section */
		992BCEDB1FD8FB1C00447876 /* Resources */ = {
			isa = PBXResourcesBuildPhase;
			buildActionMask = 2147483647;
			files = (
				992BCEEB1FD8FB1C00447876 /* LaunchScreen.storyboard in Resources */,
				992BCEE81FD8FB1C00447876 /* Assets.xcassets in Resources */,
				992BCEE61FD8FB1C00447876 /* Main.storyboard in Resources */,
			);
			runOnlyForDeploymentPostprocessing = 0;
		};
/* End PBXResourcesBuildPhase section */

/* Begin PBXSourcesBuildPhase section */
		992BCED91FD8FB1C00447876 /* Sources */ = {
			isa = PBXSourcesBuildPhase;
			buildActionMask = 2147483647;
			files = (
				992BCEE31FD8FB1C00447876 /* ViewController.swift in Sources */,
				992BCEE11FD8FB1C00447876 /* AppDelegate.swift in Sources */,
			);
			runOnlyForDeploymentPostprocessing = 0;
		};
/* End PBXSourcesBuildPhase section */

/* Begin PBXVariantGroup section */
		992BCEE41FD8FB1C00447876 /* Main.storyboard */ = {
			isa = PBXVariantGroup;
			children = (
				992BCEE51FD8FB1C00447876 /* Base */,
			);
			name = Main.storyboard;
			sourceTree = "<group>";
		};
		992BCEE91FD8FB1C00447876 /* LaunchScreen.storyboard */ = {
			isa = PBXVariantGroup;
			children = (
				992BCEEA1FD8FB1C00447876 /* Base */,
			);
			name = LaunchScreen.storyboard;
			sourceTree = "<group>";
		};
/* End PBXVariantGroup section */

/* Begin XCBuildConfiguration section */
		992BCEED1FD8FB1C00447876 /* Debug */ = {
			isa = XCBuildConfiguration;
			buildSettings = {
				ALWAYS_SEARCH_USER_PATHS = NO;
				CLANG_ANALYZER_NONNULL = YES;
				CLANG_ANALYZER_NUMBER_OBJECT_CONVERSION = YES_AGGRESSIVE;
				CLANG_CXX_LANGUAGE_STANDARD = "gnu++14";
				CLANG_CXX_LIBRARY = "libc++";
				CLANG_ENABLE_MODULES = YES;
				CLANG_ENABLE_OBJC_ARC = YES;
				CLANG_WARN_BLOCK_CAPTURE_AUTORELEASING = YES;
				CLANG_WARN_BOOL_CONVERSION = YES;
				CLANG_WARN_COMMA = YES;
				CLANG_WARN_CONSTANT_CONVERSION = YES;
				CLANG_WARN_DIRECT_OBJC_ISA_USAGE = YES_ERROR;
				CLANG_WARN_DOCUMENTATION_COMMENTS = YES;
				CLANG_WARN_EMPTY_BODY = YES;
				CLANG_WARN_ENUM_CONVERSION = YES;
				CLANG_WARN_INFINITE_RECURSION = YES;
				CLANG_WARN_INT_CONVERSION = YES;
				CLANG_WARN_NON_LITERAL_NULL_CONVERSION = YES;
				CLANG_WARN_OBJC_LITERAL_CONVERSION = YES;
				CLANG_WARN_OBJC_ROOT_CLASS = YES_ERROR;
				CLANG_WARN_RANGE_LOOP_ANALYSIS = YES;
				CLANG_WARN_STRICT_PROTOTYPES = YES;
				CLANG_WARN_SUSPICIOUS_MOVE = YES;
				CLANG_WARN_UNGUARDED_AVAILABILITY = YES_AGGRESSIVE;
				CLANG_WARN_UNREACHABLE_CODE = YES;
				CLANG_WARN__DUPLICATE_METHOD_MATCH = YES;
				CODE_SIGN_IDENTITY = "iPhone Developer";
				COPY_PHASE_STRIP = NO;
				DEBUG_INFORMATION_FORMAT = dwarf;
				ENABLE_STRICT_OBJC_MSGSEND = YES;
				ENABLE_TESTABILITY = YES;
				GCC_C_LANGUAGE_STANDARD = gnu11;
				GCC_DYNAMIC_NO_PIC = NO;
				GCC_NO_COMMON_BLOCKS = YES;
				GCC_OPTIMIZATION_LEVEL = 0;
				GCC_PREPROCESSOR_DEFINITIONS = (
					"DEBUG=1",
					"$(inherited)",
				);
				GCC_WARN_64_TO_32_BIT_CONVERSION = YES;
				GCC_WARN_ABOUT_RETURN_TYPE = YES_ERROR;
				GCC_WARN_UNDECLARED_SELECTOR = YES;
				GCC_WARN_UNINITIALIZED_AUTOS = YES_AGGRESSIVE;
				GCC_WARN_UNUSED_FUNCTION = YES;
				GCC_WARN_UNUSED_VARIABLE = YES;
				IPHONEOS_DEPLOYMENT_TARGET = 11.1;
				MTL_ENABLE_DEBUG_INFO = YES;
				ONLY_ACTIVE_ARCH = YES;
				SDKROOT = iphoneos;
				SWIFT_ACTIVE_COMPILATION_CONDITIONS = DEBUG;
				SWIFT_OPTIMIZATION_LEVEL = "-Onone";
			};
			name = Debug;
		};
		992BCEEE1FD8FB1C00447876 /* Release */ = {
			isa = XCBuildConfiguration;
			buildSettings = {
				ALWAYS_SEARCH_USER_PATHS = NO;
				CLANG_ANALYZER_NONNULL = YES;
				CLANG_ANALYZER_NUMBER_OBJECT_CONVERSION = YES_AGGRESSIVE;
				CLANG_CXX_LANGUAGE_STANDARD = "gnu++14";
				CLANG_CXX_LIBRARY = "libc++";
				CLANG_ENABLE_MODULES = YES;
				CLANG_ENABLE_OBJC_ARC = YES;
				CLANG_WARN_BLOCK_CAPTURE_AUTORELEASING = YES;
				CLANG_WARN_BOOL_CONVERSION = YES;
				CLANG_WARN_COMMA = YES;
				CLANG_WARN_CONSTANT_CONVERSION = YES;
				CLANG_WARN_DIRECT_OBJC_ISA_USAGE = YES_ERROR;
				CLANG_WARN_DOCUMENTATION_COMMENTS = YES;
				CLANG_WARN_EMPTY_BODY = YES;
				CLANG_WARN_ENUM_CONVERSION = YES;
				CLANG_WARN_INFINITE_RECURSION = YES;
				CLANG_WARN_INT_CONVERSION = YES;
				CLANG_WARN_NON_LITERAL_NULL_CONVERSION = YES;
				CLANG_WARN_OBJC_LITERAL_CONVERSION = YES;
				CLANG_WARN_OBJC_ROOT_CLASS = YES_ERROR;
				CLANG_WARN_RANGE_LOOP_ANALYSIS = YES;
				CLANG_WARN_STRICT_PROTOTYPES = YES;
				CLANG_WARN_SUSPICIOUS_MOVE = YES;
				CLANG_WARN_UNGUARDED_AVAILABILITY = YES_AGGRESSIVE;
				CLANG_WARN_UNREACHABLE_CODE = YES;
				CLANG_WARN__DUPLICATE_METHOD_MATCH = YES;
				CODE_SIGN_IDENTITY = "iPhone Developer";
				COPY_PHASE_STRIP = NO;
				DEBUG_INFORMATION_FORMAT = "dwarf-with-dsym";
				ENABLE_NS_ASSERTIONS = NO;
				ENABLE_STRICT_OBJC_MSGSEND = YES;
				GCC_C_LANGUAGE_STANDARD = gnu11;
				GCC_NO_COMMON_BLOCKS = YES;
				GCC_WARN_64_TO_32_BIT_CONVERSION = YES;
				GCC_WARN_ABOUT_RETURN_TYPE = YES_ERROR;
				GCC_WARN_UNDECLARED_SELECTOR = YES;
				GCC_WARN_UNINITIALIZED_AUTOS = YES_AGGRESSIVE;
				GCC_WARN_UNUSED_FUNCTION = YES;
				GCC_WARN_UNUSED_VARIABLE = YES;
				IPHONEOS_DEPLOYMENT_TARGET = 11.1;
				MTL_ENABLE_DEBUG_INFO = NO;
				SDKROOT = iphoneos;
				SWIFT_OPTIMIZATION_LEVEL = "-Owholemodule";
				VALIDATE_PRODUCT = YES;
			};
			name = Release;
		};
		992BCEF01FD8FB1C00447876 /* Debug */ = {
			isa = XCBuildConfiguration;
			buildSettings = {
				ASSETCATALOG_COMPILER_APPICON_NAME = AppIcon;
				CODE_SIGN_STYLE = Automatic;
				DEVELOPMENT_TEAM = PE387327U6;
				INFOPLIST_FILE = FitnessAppFinalRestart/Info.plist;
				LD_RUNPATH_SEARCH_PATHS = "$(inherited) @executable_path/Frameworks";
				PRODUCT_BUNDLE_IDENTIFIER = com.example.FitnessAppFinalRestart;
				PRODUCT_NAME = "$(TARGET_NAME)";
				SWIFT_VERSION = 4.0;
				TARGETED_DEVICE_FAMILY = "1,2";
			};
			name = Debug;
		};
		992BCEF11FD8FB1C00447876 /* Release */ = {
			isa = XCBuildConfiguration;
			buildSettings = {
				ASSETCATALOG_COMPILER_APPICON_NAME = AppIcon;
				CODE_SIGN_STYLE = Automatic;
				DEVELOPMENT_TEAM = PE387327U6;
				INFOPLIST_FILE = FitnessAppFinalRestart/Info.plist;
				LD_RUNPATH_SEARCH_PATHS = "$(inherited) @executable_path/Frameworks";
				PRODUCT_BUNDLE_IDENTIFIER = com.example.FitnessAppFinalRestart;
				PRODUCT_NAME = "$(TARGET_NAME)";
				SWIFT_VERSION = 4.0;
				TARGETED_DEVICE_FAMILY = "1,2";
			};
			name = Release;
		};
/* End XCBuildConfiguration section */

/* Begin XCConfigurationList section */
		992BCED81FD8FB1C00447876 /* Build configuration list for PBXProject "FitnessAppFinalRestart" */ = {
			isa = XCConfigurationList;
			buildConfigurations = (
				992BCEED1FD8FB1C00447876 /* Debug */,
				992BCEEE1FD8FB1C00447876 /* Release */,
			);
			defaultConfigurationIsVisible = 0;
			defaultConfigurationName = Release;
		};
		992BCEEF1FD8FB1C00447876 /* Build configuration list for PBXNativeTarget "FitnessAppFinalRestart" */ = {
			isa = XCConfigurationList;
			buildConfigurations = (
				992BCEF01FD8FB1C00447876 /* Debug */,
				992BCEF11FD8FB1C00447876 /* Release */,
			);
			defaultConfigurationIsVisible = 0;
			defaultConfigurationName = Release;
		};
/* End XCConfigurationList section */
	};
	rootObject = 992BCED51FD8FB1C00447876 /* Project object */;
}
